# Generated by pub
# See https://dart.dev/tools/pub/glossary#lockfile
packages:
  _fe_analyzer_shared:
    dependency: transitive
    description:
      name: _fe_analyzer_shared
      sha256: f256b0c0ba6c7577c15e2e4e114755640a875e885099367bf6e012b19314c834
      url: "https://pub.dev"
    source: hosted
    version: "72.0.0"
  _macros:
    dependency: transitive
    description: dart
    source: sdk
    version: "0.3.2"
  analyzer:
    dependency: transitive
    description:
      name: analyzer
      sha256: b652861553cd3990d8ed361f7979dc6d7053a9ac8843fa73820ab68ce5410139
      url: "https://pub.dev"
    source: hosted
    version: "6.7.0"
  analyzer_plugin:
    dependency: transitive
    description:
      name: analyzer_plugin
      sha256: "9661b30b13a685efaee9f02e5d01ed9f2b423bd889d28a304d02d704aee69161"
      url: "https://pub.dev"
    source: hosted
    version: "0.11.3"
  archive:
    dependency: "direct main"
    description:
      name: archive
      sha256: cb6a278ef2dbb298455e1a713bda08524a175630ec643a242c399c932a0a1f7d
      url: "https://pub.dev"
    source: hosted
    version: "3.6.1"
  args:
    dependency: transitive
    description:
      name: args
      sha256: "7cf60b9f0cc88203c5a190b4cd62a99feea42759a7fa695010eb5de1c0b2252a"
      url: "https://pub.dev"
    source: hosted
    version: "2.5.0"
  async:
    dependency: transitive
    description:
      name: async
      sha256: "947bfcf187f74dbc5e146c9eb9c0f10c9f8b30743e341481c1e2ed3ecc18c20c"
      url: "https://pub.dev"
    source: hosted
    version: "2.11.0"
  battery_plus:
    dependency: "direct main"
    description:
      name: battery_plus
      sha256: "66c5f1a6cba8e03cd182f7de82f7b23de93a98e9b07e695553de1dc49a5b7750"
      url: "https://pub.dev"
    source: hosted
    version: "6.0.3"
  battery_plus_platform_interface:
    dependency: transitive
    description:
      name: battery_plus_platform_interface
      sha256: e8342c0f32de4b1dfd0223114b6785e48e579bfc398da9471c9179b907fa4910
      url: "https://pub.dev"
    source: hosted
    version: "2.0.1"
  boolean_selector:
    dependency: transitive
    description:
      name: boolean_selector
      sha256: "6cfb5af12253eaf2b368f07bacc5a80d1301a071c73360d746b7f2e32d762c66"
      url: "https://pub.dev"
    source: hosted
    version: "2.1.1"
  build:
    dependency: transitive
    description:
      name: build
      sha256: "80184af8b6cb3e5c1c4ec6d8544d27711700bc3e6d2efad04238c7b5290889f0"
      url: "https://pub.dev"
    source: hosted
    version: "2.4.1"
  build_config:
    dependency: transitive
    description:
      name: build_config
      sha256: bf80fcfb46a29945b423bd9aad884590fb1dc69b330a4d4700cac476af1708d1
      url: "https://pub.dev"
    source: hosted
    version: "1.1.1"
  build_daemon:
    dependency: transitive
    description:
      name: build_daemon
      sha256: "79b2aef6ac2ed00046867ed354c88778c9c0f029df8a20fe10b5436826721ef9"
      url: "https://pub.dev"
    source: hosted
    version: "4.0.2"
  build_resolvers:
    dependency: transitive
    description:
      name: build_resolvers
      sha256: "339086358431fa15d7eca8b6a36e5d783728cf025e559b834f4609a1fcfb7b0a"
      url: "https://pub.dev"
    source: hosted
    version: "2.4.2"
  build_runner:
    dependency: "direct dev"
    description:
      name: build_runner
      sha256: dd09dd4e2b078992f42aac7f1a622f01882a8492fef08486b27ddde929c19f04
      url: "https://pub.dev"
    source: hosted
    version: "2.4.12"
  build_runner_core:
    dependency: transitive
    description:
      name: build_runner_core
      sha256: f8126682b87a7282a339b871298cc12009cb67109cfa1614d6436fb0289193e0
      url: "https://pub.dev"
    source: hosted
    version: "7.3.2"
  built_collection:
    dependency: transitive
    description:
      name: built_collection
      sha256: "376e3dd27b51ea877c28d525560790aee2e6fbb5f20e2f85d5081027d94e2100"
      url: "https://pub.dev"
    source: hosted
    version: "5.1.1"
  built_value:
    dependency: transitive
    description:
      name: built_value
      sha256: c7913a9737ee4007efedaffc968c049fd0f3d0e49109e778edc10de9426005cb
      url: "https://pub.dev"
    source: hosted
    version: "8.9.2"
  characters:
    dependency: transitive
    description:
      name: characters
      sha256: "04a925763edad70e8443c99234dc3328f442e811f1d8fd1a72f1c8ad0f69a605"
      url: "https://pub.dev"
    source: hosted
    version: "1.3.0"
  checked_yaml:
    dependency: transitive
    description:
      name: checked_yaml
      sha256: feb6bed21949061731a7a75fc5d2aa727cf160b91af9a3e464c5e3a32e28b5ff
      url: "https://pub.dev"
    source: hosted
    version: "2.0.3"
  chinese_font_library:
    dependency: "direct main"
    description:
      name: chinese_font_library
      sha256: f6c18eb58c1514a95e4ed9a7e2f6702be1333b67e4226976b333e5918021c1df
      url: "https://pub.dev"
    source: hosted
    version: "1.2.0"
  ci:
    dependency: transitive
    description:
      name: ci
      sha256: "145d095ce05cddac4d797a158bc4cf3b6016d1fe63d8c3d2fbd7212590adca13"
      url: "https://pub.dev"
    source: hosted
    version: "0.1.0"
  cli_util:
    dependency: transitive
    description:
      name: cli_util
      sha256: c05b7406fdabc7a49a3929d4af76bcaccbbffcbcdcf185b082e1ae07da323d19
      url: "https://pub.dev"
    source: hosted
    version: "0.4.1"
  clock:
    dependency: transitive
    description:
      name: clock
      sha256: cb6d7f03e1de671e34607e909a7213e31d7752be4fb66a86d29fe1eb14bfb5cf
      url: "https://pub.dev"
    source: hosted
    version: "1.1.1"
  code_builder:
    dependency: transitive
    description:
      name: code_builder
      sha256: f692079e25e7869c14132d39f223f8eec9830eb76131925143b2129c4bb01b37
      url: "https://pub.dev"
    source: hosted
    version: "4.10.0"
  collection:
    dependency: transitive
    description:
      name: collection
      sha256: ee67cb0715911d28db6bf4af1026078bd6f0128b07a5f66fb2ed94ec6783c09a
      url: "https://pub.dev"
    source: hosted
    version: "1.18.0"
  color:
    dependency: transitive
    description:
      name: color
      sha256: ddcdf1b3badd7008233f5acffaf20ca9f5dc2cd0172b75f68f24526a5f5725cb
      url: "https://pub.dev"
    source: hosted
    version: "3.0.0"
  contentsize_tabbarview:
    dependency: "direct main"
    description:
      path: "."
      ref: "feat/animation"
      resolved-ref: def3fab2fdf586d531c1fe6999fed126bf849243
      url: "https://github.com/Anxcye/contentsize_tabbarview.git"
    source: git
    version: "0.0.2"
  convert:
    dependency: transitive
    description:
      name: convert
      sha256: "0f08b14755d163f6e2134cb58222dd25ea2a2ee8a195e53983d57c075324d592"
      url: "https://pub.dev"
    source: hosted
    version: "3.1.1"
  coverage:
    dependency: transitive
    description:
      name: coverage
      sha256: "3945034e86ea203af7a056d98e98e42a5518fff200d6e8e6647e1886b07e936e"
      url: "https://pub.dev"
    source: hosted
    version: "1.8.0"
  cross_file:
    dependency: transitive
    description:
      name: cross_file
      sha256: "7caf6a750a0c04effbb52a676dce9a4a592e10ad35c34d6d2d0e4811160d5670"
      url: "https://pub.dev"
    source: hosted
    version: "0.3.4+2"
  crypto:
    dependency: transitive
    description:
      name: crypto
      sha256: ff625774173754681d66daaf4a448684fb04b78f902da9cb3d308c19cc5e8bab
      url: "https://pub.dev"
    source: hosted
    version: "3.0.3"
  csslib:
    dependency: transitive
    description:
      name: csslib
      sha256: "831883fb353c8bdc1d71979e5b342c7d88acfbc643113c14ae51e2442ea0f20f"
      url: "https://pub.dev"
    source: hosted
    version: "0.17.3"
  cupertino_icons:
    dependency: "direct main"
    description:
      name: cupertino_icons
      sha256: ba631d1c7f7bef6b729a622b7b752645a2d076dba9976925b8f25725a30e1ee6
      url: "https://pub.dev"
    source: hosted
    version: "1.0.8"
  custom_lint:
    dependency: "direct dev"
    description:
      name: custom_lint
      sha256: "6e1ec47427ca968f22bce734d00028ae7084361999b41673291138945c5baca0"
      url: "https://pub.dev"
    source: hosted
    version: "0.6.7"
  custom_lint_builder:
    dependency: transitive
    description:
      name: custom_lint_builder
      sha256: ba2f90fff4eff71d202d097eb14b14f87087eaaef742e956208c0eb9d3a40a21
      url: "https://pub.dev"
    source: hosted
    version: "0.6.7"
  custom_lint_core:
    dependency: transitive
    description:
      name: custom_lint_core
      sha256: "4ddbbdaa774265de44c97054dcec058a83d9081d071785ece601e348c18c267d"
      url: "https://pub.dev"
    source: hosted
    version: "0.6.5"
  dart_style:
    dependency: transitive
    description:
      name: dart_style
      sha256: "99e066ce75c89d6b29903d788a7bb9369cf754f7b24bf70bf4b6d6d6b26853b9"
      url: "https://pub.dev"
    source: hosted
    version: "2.3.6"
  dartx:
    dependency: transitive
    description:
      name: dartx
      sha256: "8b25435617027257d43e6508b5fe061012880ddfdaa75a71d607c3de2a13d244"
      url: "https://pub.dev"
    source: hosted
    version: "1.2.0"
  dbus:
    dependency: transitive
    description:
      name: dbus
      sha256: "365c771ac3b0e58845f39ec6deebc76e3276aa9922b0cc60840712094d9047ac"
      url: "https://pub.dev"
    source: hosted
    version: "0.7.10"
  device_info_plus:
    dependency: "direct main"
    description:
      name: device_info_plus
      sha256: a7fd703482b391a87d60b6061d04dfdeab07826b96f9abd8f5ed98068acc0074
      url: "https://pub.dev"
    source: hosted
    version: "10.1.2"
  device_info_plus_platform_interface:
    dependency: transitive
    description:
      name: device_info_plus_platform_interface
      sha256: "282d3cf731045a2feb66abfe61bbc40870ae50a3ed10a4d3d217556c35c8c2ba"
      url: "https://pub.dev"
    source: hosted
    version: "7.0.1"
  dio:
    dependency: "direct main"
    description:
      name: dio
      sha256: e17f6b3097b8c51b72c74c9f071a605c47bcc8893839bd66732457a5ebe73714
      url: "https://pub.dev"
    source: hosted
    version: "5.5.0+1"
  dio_web_adapter:
    dependency: transitive
    description:
      name: dio_web_adapter
      sha256: "36c5b2d79eb17cdae41e974b7a8284fec631651d2a6f39a8a2ff22327e90aeac"
      url: "https://pub.dev"
    source: hosted
    version: "1.0.1"
  equatable:
    dependency: transitive
    description:
      name: equatable
      sha256: c2b87cb7756efdf69892005af546c56c0b5037f54d2a88269b4f347a505e3ca2
      url: "https://pub.dev"
    source: hosted
    version: "2.0.5"
  expandable_page_view:
    dependency: transitive
    description:
      name: expandable_page_view
      sha256: "210dc6961cfc29f7ed42867824eb699c9a4b9b198a7c04b8bdc1c05844969dc6"
      url: "https://pub.dev"
    source: hosted
    version: "1.0.17"
  fake_async:
    dependency: transitive
    description:
      name: fake_async
      sha256: "511392330127add0b769b75a987850d136345d9227c6b94c96a04cf4a391bf78"
      url: "https://pub.dev"
    source: hosted
    version: "1.3.1"
  ffi:
    dependency: transitive
    description:
      name: ffi
      sha256: "493f37e7df1804778ff3a53bd691d8692ddf69702cf4c1c1096a2e41b4779e21"
      url: "https://pub.dev"
    source: hosted
    version: "2.1.2"
  file:
    dependency: transitive
    description:
      name: file
      sha256: "5fc22d7c25582e38ad9a8515372cd9a93834027aacf1801cf01164dac0ffa08c"
      url: "https://pub.dev"
    source: hosted
    version: "7.0.0"
  file_picker:
    dependency: "direct main"
    description:
      name: file_picker
      sha256: "167bb619cdddaa10ef2907609feb8a79c16dfa479d3afaf960f8e223f754bf12"
      url: "https://pub.dev"
    source: hosted
    version: "8.1.2"
  fixnum:
    dependency: transitive
    description:
      name: fixnum
      sha256: "25517a4deb0c03aa0f32fd12db525856438902d9c16536311e76cdc57b31d7d1"
      url: "https://pub.dev"
    source: hosted
    version: "1.1.0"
  fl_chart:
    dependency: "direct main"
    description:
      name: fl_chart
      sha256: "2b7c1f5d867da9a054661641c8f499c55c47c39acccb97b3bc673f5fa9a39e74"
      url: "https://pub.dev"
    source: hosted
    version: "0.67.0"
  flex_color_scheme:
    dependency: "direct main"
    description:
      name: flex_color_scheme
      sha256: "32914024a4f404d90ff449f58d279191675b28e7c08824046baf06826e99d984"
      url: "https://pub.dev"
    source: hosted
    version: "7.3.1"
  flex_seed_scheme:
    dependency: transitive
    description:
      name: flex_seed_scheme
      sha256: "4cee2f1d07259f77e8b36f4ec5f35499d19e74e17c7dce5b819554914082bc01"
      url: "https://pub.dev"
    source: hosted
    version: "1.5.0"
  flutter:
    dependency: "direct main"
    description: flutter
    source: sdk
    version: "0.0.0"
  flutter_colorpicker:
    dependency: "direct main"
    description:
      name: flutter_colorpicker
      sha256: "969de5f6f9e2a570ac660fb7b501551451ea2a1ab9e2097e89475f60e07816ea"
      url: "https://pub.dev"
    source: hosted
    version: "1.1.0"
  flutter_file_dialog:
    dependency: "direct main"
    description:
      name: flutter_file_dialog
      sha256: "9344b8f07be6a1b6f9854b723fb0cf84a8094ba94761af1d213589d3cb087488"
      url: "https://pub.dev"
    source: hosted
    version: "3.0.2"
  flutter_gen_core:
    dependency: transitive
    description:
      name: flutter_gen_core
      sha256: d8e828ad015a8511624491b78ad8e3f86edb7993528b1613aefbb4ad95947795
      url: "https://pub.dev"
    source: hosted
    version: "5.6.0"
  flutter_gen_runner:
    dependency: "direct main"
    description:
      name: flutter_gen_runner
      sha256: "931b03f77c164df0a4815aac0efc619a6ac8ec4cada55025119fca4894dada90"
      url: "https://pub.dev"
    source: hosted
    version: "5.6.0"
  flutter_html:
    dependency: "direct main"
    description:
      name: flutter_html
      sha256: "02ad69e813ecfc0728a455e4bf892b9379983e050722b1dce00192ee2e41d1ee"
      url: "https://pub.dev"
    source: hosted
    version: "3.0.0-beta.2"
  flutter_inappwebview:
    dependency: "direct main"
    description:
      name: flutter_inappwebview
      sha256: "9f023eaa11c91330344aca4c45cd537aba9ccd92ef74b41cd9e112a862530a4f"
      url: "https://pub.dev"
    source: hosted
    version: "6.1.2"
  flutter_inappwebview_android:
    dependency: transitive
    description:
      name: flutter_inappwebview_android
      sha256: "6b24fbbaa69168da2d2ab4ddb2d65677468e2a0a0d593d629558537f710786dc"
      url: "https://pub.dev"
    source: hosted
    version: "1.1.0+4"
  flutter_inappwebview_internal_annotations:
    dependency: transitive
    description:
      name: flutter_inappwebview_internal_annotations
      sha256: "5f80fd30e208ddded7dbbcd0d569e7995f9f63d45ea3f548d8dd4c0b473fb4c8"
      url: "https://pub.dev"
    source: hosted
    version: "1.1.1"
  flutter_inappwebview_ios:
    dependency: transitive
    description:
      name: flutter_inappwebview_ios
      sha256: "571b0bfdb963548fcb945b9abe357352b4a523c249b4f9816fc5a83e2a71d9ec"
      url: "https://pub.dev"
    source: hosted
    version: "1.1.0+3"
  flutter_inappwebview_macos:
    dependency: transitive
    description:
      name: flutter_inappwebview_macos
      sha256: e5e7f09dabd7b5b2ef15b00c07ed4da4a45bd597db0c4221702485665b6628b7
      url: "https://pub.dev"
    source: hosted
    version: "1.1.0+3"
  flutter_inappwebview_platform_interface:
    dependency: transitive
    description:
      name: flutter_inappwebview_platform_interface
      sha256: da6c7bf193beba655bdfcd825b6c7f7b51da4944e1eb76bf9faddf685ca15fa2
      url: "https://pub.dev"
    source: hosted
    version: "1.1.1"
  flutter_inappwebview_web:
    dependency: transitive
    description:
      name: flutter_inappwebview_web
      sha256: ee1389bfec8c9ef07ba4be48a117207c9392dbdbf366330aa26d69f67a826978
      url: "https://pub.dev"
    source: hosted
    version: "1.1.0+2"
  flutter_inappwebview_windows:
    dependency: transitive
    description:
      name: flutter_inappwebview_windows
      sha256: "3ad92e93bafc2984f90f627783c3f5fc705842fb8d4f7213f92bb9027c6eac94"
      url: "https://pub.dev"
    source: hosted
    version: "0.3.0+1"
  flutter_lints:
    dependency: "direct dev"
    description:
      name: flutter_lints
      sha256: "9e8c3858111da373efc5aa341de011d9bd23e2c5c5e0c62bccf32438e192d7b1"
      url: "https://pub.dev"
    source: hosted
    version: "3.0.2"
  flutter_localizations:
    dependency: "direct main"
    description: flutter
    source: sdk
    version: "0.0.0"
  flutter_plugin_android_lifecycle:
    dependency: transitive
    description:
      name: flutter_plugin_android_lifecycle
      sha256: c6b0b4c05c458e1c01ad9bcc14041dd7b1f6783d487be4386f793f47a8a4d03e
      url: "https://pub.dev"
    source: hosted
    version: "2.0.20"
  flutter_rating_bar:
    dependency: "direct main"
    description:
      name: flutter_rating_bar
      sha256: d2af03469eac832c591a1eba47c91ecc871fe5708e69967073c043b2d775ed93
      url: "https://pub.dev"
    source: hosted
    version: "4.0.1"
  flutter_riverpod:
    dependency: "direct main"
    description:
      name: flutter_riverpod
      sha256: "0f1974eff5bbe774bf1d870e406fc6f29e3d6f1c46bd9c58e7172ff68a785d7d"
      url: "https://pub.dev"
    source: hosted
    version: "2.5.1"
  flutter_smart_dialog:
    dependency: "direct main"
    description:
      name: flutter_smart_dialog
      sha256: "6b5fd32cd2900745df30c1d95ef597ea0ee1ee8cfa557eab62010e3db1d3d717"
      url: "https://pub.dev"
    source: hosted
    version: "4.9.8+1"
  flutter_svg:
    dependency: transitive
    description:
      name: flutter_svg
      sha256: "7b4ca6cf3304575fe9c8ec64813c8d02ee41d2afe60bcfe0678bcb5375d596a2"
      url: "https://pub.dev"
    source: hosted
    version: "2.0.10+1"
  flutter_test:
    dependency: "direct dev"
    description: flutter
    source: sdk
    version: "0.0.0"
  flutter_tts:
    dependency: "direct main"
    description:
      name: flutter_tts
      sha256: "02c65a10d3423dcd73e0236fb381dbd459d4a13ecfce40b9be41bd0bc4180733"
      url: "https://pub.dev"
    source: hosted
    version: "4.1.0"
  flutter_web_plugins:
    dependency: transitive
    description: flutter
    source: sdk
    version: "0.0.0"
  fluttertoast:
    dependency: "direct main"
    description:
      name: fluttertoast
      sha256: "95f349437aeebe524ef7d6c9bde3e6b4772717cf46a0eb6a3ceaddc740b297cc"
      url: "https://pub.dev"
    source: hosted
    version: "8.2.8"
  freezed_annotation:
    dependency: transitive
    description:
      name: freezed_annotation
      sha256: c2e2d632dd9b8a2b7751117abcfc2b4888ecfe181bd9fca7170d9ef02e595fe2
      url: "https://pub.dev"
    source: hosted
    version: "2.4.4"
  frontend_server_client:
    dependency: transitive
    description:
      name: frontend_server_client
      sha256: f64a0333a82f30b0cca061bc3d143813a486dc086b574bfb233b7c1372427694
      url: "https://pub.dev"
    source: hosted
    version: "4.0.0"
  glob:
    dependency: transitive
    description:
      name: glob
      sha256: "0e7014b3b7d4dac1ca4d6114f82bf1782ee86745b9b42a92c9289c23d8a0ab63"
      url: "https://pub.dev"
    source: hosted
    version: "2.1.2"
  graphs:
    dependency: transitive
    description:
      name: graphs
      sha256: "741bbf84165310a68ff28fe9e727332eef1407342fca52759cb21ad8177bb8d0"
      url: "https://pub.dev"
    source: hosted
    version: "2.3.2"
  hashcodes:
    dependency: transitive
    description:
      name: hashcodes
      sha256: "80f9410a5b3c8e110c4b7604546034749259f5d6dcca63e0d3c17c9258f1a651"
      url: "https://pub.dev"
    source: hosted
    version: "2.0.0"
  hotreloader:
    dependency: transitive
    description:
      name: hotreloader
      sha256: ed56fdc1f3a8ac924e717257621d09e9ec20e308ab6352a73a50a1d7a4d9158e
      url: "https://pub.dev"
    source: hosted
    version: "4.2.0"
  html:
    dependency: "direct main"
    description:
      name: html
      sha256: "3a7812d5bcd2894edf53dfaf8cd640876cf6cef50a8f238745c8b8120ea74d3a"
      url: "https://pub.dev"
    source: hosted
    version: "0.15.4"
  http:
    dependency: transitive
    description:
      name: http
      sha256: b9c29a161230ee03d3ccf545097fccd9b87a5264228c5d348202e0f0c28f9010
      url: "https://pub.dev"
    source: hosted
    version: "1.2.2"
  http_multi_server:
    dependency: transitive
    description:
      name: http_multi_server
      sha256: "97486f20f9c2f7be8f514851703d0119c3596d14ea63227af6f7a481ef2b2f8b"
      url: "https://pub.dev"
    source: hosted
    version: "3.2.1"
  http_parser:
    dependency: transitive
    description:
      name: http_parser
      sha256: "2aa08ce0341cc9b354a498388e30986515406668dbcc4f7c950c3e715496693b"
      url: "https://pub.dev"
    source: hosted
    version: "4.0.2"
  icons_plus:
    dependency: "direct main"
    description:
      name: icons_plus
      sha256: "8e2f601b8605d45dd55b106a0da084a1809125077a49574ca22e8bcd5b6e86f0"
      url: "https://pub.dev"
    source: hosted
    version: "5.0.0"
  image:
    dependency: "direct main"
    description:
      name: image
      sha256: "8e9d133755c3e84c73288363e6343157c383a0c6c56fc51afcc5d4d7180306d6"
      url: "https://pub.dev"
    source: hosted
    version: "3.3.0"
  image_size_getter:
    dependency: transitive
    description:
      name: image_size_getter
      sha256: f98c4246144e9b968899d2dfde69091e22a539bb64bc9b0bea51505fbb490e57
      url: "https://pub.dev"
    source: hosted
    version: "2.1.3"
  intl:
    dependency: "direct main"
    description:
      name: intl
      sha256: d6f56758b7d3014a48af9701c085700aac781a92a87a62b1333b46d8879661cf
      url: "https://pub.dev"
    source: hosted
    version: "0.19.0"
  io:
    dependency: transitive
    description:
      name: io
      sha256: "2ec25704aba361659e10e3e5f5d672068d332fc8ac516421d483a11e5cbd061e"
      url: "https://pub.dev"
    source: hosted
    version: "1.0.4"
  js:
    dependency: transitive
    description:
      name: js
      sha256: f2c445dce49627136094980615a031419f7f3eb393237e4ecd97ac15dea343f3
      url: "https://pub.dev"
    source: hosted
    version: "0.6.7"
  json_annotation:
    dependency: transitive
    description:
      name: json_annotation
      sha256: "1ce844379ca14835a50d2f019a3099f419082cfdd231cd86a142af94dd5c6bb1"
      url: "https://pub.dev"
    source: hosted
    version: "4.9.0"
  leak_tracker:
    dependency: transitive
    description:
      name: leak_tracker
      sha256: "3f87a60e8c63aecc975dda1ceedbc8f24de75f09e4856ea27daf8958f2f0ce05"
      url: "https://pub.dev"
    source: hosted
    version: "10.0.5"
  leak_tracker_flutter_testing:
    dependency: transitive
    description:
      name: leak_tracker_flutter_testing
      sha256: "932549fb305594d82d7183ecd9fa93463e9914e1b67cacc34bc40906594a1806"
      url: "https://pub.dev"
    source: hosted
    version: "3.0.5"
  leak_tracker_testing:
    dependency: transitive
    description:
      name: leak_tracker_testing
      sha256: "6ba465d5d76e67ddf503e1161d1f4a6bc42306f9d66ca1e8f079a47290fb06d3"
      url: "https://pub.dev"
    source: hosted
    version: "3.0.1"
  lints:
    dependency: transitive
    description:
      name: lints
      sha256: cbf8d4b858bb0134ef3ef87841abdf8d63bfc255c266b7bf6b39daa1085c4290
      url: "https://pub.dev"
    source: hosted
    version: "3.0.0"
  list_counter:
    dependency: transitive
    description:
      name: list_counter
      sha256: c447ae3dfcd1c55f0152867090e67e219d42fe6d4f2807db4bbe8b8d69912237
      url: "https://pub.dev"
    source: hosted
    version: "1.0.2"
  logging:
    dependency: "direct main"
    description:
      name: logging
      sha256: "623a88c9594aa774443aa3eb2d41807a48486b5613e67599fb4c41c0ad47c340"
      url: "https://pub.dev"
    source: hosted
    version: "1.2.0"
  macros:
    dependency: transitive
    description:
      name: macros
      sha256: "0acaed5d6b7eab89f63350bccd82119e6c602df0f391260d0e32b5e23db79536"
      url: "https://pub.dev"
    source: hosted
    version: "0.1.2-main.4"
  matcher:
    dependency: transitive
    description:
      name: matcher
      sha256: d2323aa2060500f906aa31a895b4030b6da3ebdcc5619d14ce1aada65cd161cb
      url: "https://pub.dev"
    source: hosted
    version: "0.12.16+1"
  material_color_utilities:
    dependency: transitive
    description:
      name: material_color_utilities
      sha256: f7142bb1154231d7ea5f96bc7bde4bda2a0945d2806bb11670e30b850d56bdec
      url: "https://pub.dev"
    source: hosted
    version: "0.11.1"
  meta:
    dependency: transitive
    description:
      name: meta
      sha256: bdb68674043280c3428e9ec998512fb681678676b3c54e773629ffe74419f8c7
      url: "https://pub.dev"
    source: hosted
    version: "1.15.0"
  mime:
    dependency: transitive
    description:
      name: mime
      sha256: "2e123074287cc9fd6c09de8336dae606d1ddb88d9ac47358826db698c176a1f2"
      url: "https://pub.dev"
    source: hosted
    version: "1.0.5"
  nested:
    dependency: transitive
    description:
      name: nested
      sha256: "03bac4c528c64c95c722ec99280375a6f2fc708eec17c7b3f07253b626cd2a20"
      url: "https://pub.dev"
    source: hosted
    version: "1.0.0"
  node_preamble:
    dependency: transitive
    description:
      name: node_preamble
      sha256: "6e7eac89047ab8a8d26cf16127b5ed26de65209847630400f9aefd7cd5c730db"
      url: "https://pub.dev"
    source: hosted
    version: "2.0.2"
  package_config:
    dependency: transitive
    description:
      name: package_config
      sha256: "1c5b77ccc91e4823a5af61ee74e6b972db1ef98c2ff5a18d3161c982a55448bd"
      url: "https://pub.dev"
    source: hosted
    version: "2.1.0"
  package_info_plus:
    dependency: transitive
    description:
      name: package_info_plus
      sha256: a75164ade98cb7d24cfd0a13c6408927c6b217fa60dee5a7ff5c116a58f28918
      url: "https://pub.dev"
    source: hosted
    version: "8.0.2"
  package_info_plus_platform_interface:
    dependency: transitive
    description:
      name: package_info_plus_platform_interface
      sha256: ac1f4a4847f1ade8e6a87d1f39f5d7c67490738642e2542f559ec38c37489a66
      url: "https://pub.dev"
    source: hosted
    version: "3.0.1"
  path:
    dependency: "direct main"
    description:
      name: path
      sha256: "087ce49c3f0dc39180befefc60fdb4acd8f8620e5682fe2476afd0b3688bb4af"
      url: "https://pub.dev"
    source: hosted
    version: "1.9.0"
  path_parsing:
    dependency: transitive
    description:
      name: path_parsing
      sha256: e3e67b1629e6f7e8100b367d3db6ba6af4b1f0bb80f64db18ef1fbabd2fa9ccf
      url: "https://pub.dev"
    source: hosted
    version: "1.0.1"
  path_provider:
    dependency: "direct main"
    description:
      name: path_provider
      sha256: c9e7d3a4cd1410877472158bee69963a4579f78b68c65a2b7d40d1a7a88bb161
      url: "https://pub.dev"
    source: hosted
    version: "2.1.3"
  path_provider_android:
    dependency: transitive
    description:
      name: path_provider_android
      sha256: "30c5aa827a6ae95ce2853cdc5fe3971daaac00f6f081c419c013f7f57bff2f5e"
      url: "https://pub.dev"
    source: hosted
    version: "2.2.7"
  path_provider_foundation:
    dependency: transitive
    description:
      name: path_provider_foundation
      sha256: f234384a3fdd67f989b4d54a5d73ca2a6c422fa55ae694381ae0f4375cd1ea16
      url: "https://pub.dev"
    source: hosted
    version: "2.4.0"
  path_provider_linux:
    dependency: transitive
    description:
      name: path_provider_linux
      sha256: f7a1fe3a634fe7734c8d3f2766ad746ae2a2884abe22e241a8b301bf5cac3279
      url: "https://pub.dev"
    source: hosted
    version: "2.2.1"
  path_provider_platform_interface:
    dependency: transitive
    description:
      name: path_provider_platform_interface
      sha256: "88f5779f72ba699763fa3a3b06aa4bf6de76c8e5de842cf6f29e2e06476c2334"
      url: "https://pub.dev"
    source: hosted
    version: "2.1.2"
  path_provider_windows:
    dependency: transitive
    description:
      name: path_provider_windows
      sha256: bd6f00dbd873bfb70d0761682da2b3a2c2fccc2b9e84c495821639601d81afe7
      url: "https://pub.dev"
    source: hosted
    version: "2.3.0"
  permission_handler:
    dependency: "direct main"
    description:
      name: permission_handler
      sha256: "18bf33f7fefbd812f37e72091a15575e72d5318854877e0e4035a24ac1113ecb"
      url: "https://pub.dev"
    source: hosted
    version: "11.3.1"
  permission_handler_android:
    dependency: transitive
    description:
      name: permission_handler_android
      sha256: b29a799ca03be9f999aa6c39f7de5209482d638e6f857f6b93b0875c618b7e54
      url: "https://pub.dev"
    source: hosted
    version: "12.0.7"
  permission_handler_apple:
    dependency: transitive
    description:
      name: permission_handler_apple
      sha256: e6f6d73b12438ef13e648c4ae56bd106ec60d17e90a59c4545db6781229082a0
      url: "https://pub.dev"
    source: hosted
    version: "9.4.5"
  permission_handler_html:
    dependency: transitive
    description:
      name: permission_handler_html
      sha256: "54bf176b90f6eddd4ece307e2c06cf977fb3973719c35a93b85cc7093eb6070d"
      url: "https://pub.dev"
    source: hosted
    version: "0.1.1"
  permission_handler_platform_interface:
    dependency: transitive
    description:
      name: permission_handler_platform_interface
      sha256: "48d4fcf201a1dad93ee869ab0d4101d084f49136ec82a8a06ed9cfeacab9fd20"
      url: "https://pub.dev"
    source: hosted
    version: "4.2.1"
  permission_handler_windows:
    dependency: transitive
    description:
      name: permission_handler_windows
      sha256: "1a790728016f79a41216d88672dbc5df30e686e811ad4e698bfc51f76ad91f1e"
      url: "https://pub.dev"
    source: hosted
    version: "0.2.1"
  petitparser:
    dependency: transitive
    description:
      name: petitparser
      sha256: c15605cd28af66339f8eb6fbe0e541bfe2d1b72d5825efc6598f3e0a31b9ad27
      url: "https://pub.dev"
    source: hosted
    version: "6.0.2"
  photo_view:
    dependency: "direct main"
    description:
      name: photo_view
      sha256: "1fc3d970a91295fbd1364296575f854c9863f225505c28c46e0a03e48960c75e"
      url: "https://pub.dev"
    source: hosted
    version: "0.15.0"
  platform:
    dependency: transitive
    description:
      name: platform
      sha256: "9b71283fc13df574056616011fb138fd3b793ea47cc509c189a6c3fa5f8a1a65"
      url: "https://pub.dev"
    source: hosted
    version: "3.1.5"
  plugin_platform_interface:
    dependency: transitive
    description:
      name: plugin_platform_interface
      sha256: "4820fbfdb9478b1ebae27888254d445073732dae3d6ea81f0b7e06d5dedc3f02"
      url: "https://pub.dev"
    source: hosted
    version: "2.1.8"
  pool:
    dependency: transitive
    description:
      name: pool
      sha256: "20fe868b6314b322ea036ba325e6fc0711a22948856475e2c2b6306e8ab39c2a"
      url: "https://pub.dev"
    source: hosted
    version: "1.5.1"
  provider:
    dependency: "direct main"
    description:
      name: provider
      sha256: c8a055ee5ce3fd98d6fc872478b03823ffdb448699c6ebdbbc71d59b596fd48c
      url: "https://pub.dev"
    source: hosted
    version: "6.1.2"
  pub_semver:
    dependency: transitive
    description:
      name: pub_semver
      sha256: "40d3ab1bbd474c4c2328c91e3a7df8c6dd629b79ece4c4bd04bee496a224fb0c"
      url: "https://pub.dev"
    source: hosted
    version: "2.1.4"
  pubspec_parse:
    dependency: "direct main"
    description:
      name: pubspec_parse
      sha256: c799b721d79eb6ee6fa56f00c04b472dcd44a30d258fac2174a6ec57302678f8
      url: "https://pub.dev"
    source: hosted
    version: "1.3.0"
  riverpod:
    dependency: transitive
    description:
      name: riverpod
      sha256: f21b32ffd26a36555e501b04f4a5dca43ed59e16343f1a30c13632b2351dfa4d
      url: "https://pub.dev"
    source: hosted
    version: "2.5.1"
  riverpod_analyzer_utils:
    dependency: transitive
    description:
      name: riverpod_analyzer_utils
      sha256: ac28d7bc678471ec986b42d88e5a0893513382ff7542c7ac9634463b044ac72c
      url: "https://pub.dev"
    source: hosted
    version: "0.5.4"
  riverpod_annotation:
    dependency: "direct main"
    description:
      name: riverpod_annotation
      sha256: e5e796c0eba4030c704e9dae1b834a6541814963292839dcf9638d53eba84f5c
      url: "https://pub.dev"
    source: hosted
    version: "2.3.5"
  riverpod_generator:
    dependency: "direct dev"
    description:
      name: riverpod_generator
      sha256: "63311e361ffc578d655dfc31b48dfa4ed3bc76fd06f9be845e9bf97c5c11a429"
      url: "https://pub.dev"
    source: hosted
    version: "2.4.3"
  riverpod_lint:
    dependency: "direct dev"
    description:
      name: riverpod_lint
      sha256: a35a92f2c2a4b7a5d95671c96c5432b42c20f26bb3e985e83d0b186471b61a85
      url: "https://pub.dev"
    source: hosted
    version: "2.3.13"
  rxdart:
    dependency: transitive
    description:
      name: rxdart
      sha256: "5c3004a4a8dbb94bd4bf5412a4def4acdaa12e12f269737a5751369e12d1a962"
      url: "https://pub.dev"
    source: hosted
    version: "0.28.0"
  saver_gallery:
    dependency: "direct main"
    description:
      name: saver_gallery
      sha256: "5f4123ec1cd5ed9fcd93198ab30ffe0c7746afcbf6846445432de93240fa7b4e"
      url: "https://pub.dev"
    source: hosted
    version: "3.0.6"
  settings_ui:
    dependency: "direct main"
    description:
      name: settings_ui
      sha256: d9838037cb554b24b4218b2d07666fbada3478882edefae375ee892b6c820ef3
      url: "https://pub.dev"
    source: hosted
    version: "2.0.2"
  share_plus:
    dependency: "direct main"
    description:
      name: share_plus
      sha256: "468c43f285207c84bcabf5737f33b914ceb8eb38398b91e5e3ad1698d1b72a52"
      url: "https://pub.dev"
    source: hosted
    version: "10.0.2"
  share_plus_platform_interface:
    dependency: transitive
    description:
      name: share_plus_platform_interface
      sha256: "6ababf341050edff57da8b6990f11f4e99eaba837865e2e6defe16d039619db5"
      url: "https://pub.dev"
    source: hosted
    version: "5.0.0"
  shared_preferences:
    dependency: "direct main"
    description:
      name: shared_preferences
      sha256: d3bbe5553a986e83980916ded2f0b435ef2e1893dfaa29d5a7a790d0eca12180
      url: "https://pub.dev"
    source: hosted
    version: "2.2.3"
  shared_preferences_android:
    dependency: transitive
    description:
      name: shared_preferences_android
      sha256: "93d0ec9dd902d85f326068e6a899487d1f65ffcd5798721a95330b26c8131577"
      url: "https://pub.dev"
    source: hosted
    version: "2.2.3"
  shared_preferences_foundation:
    dependency: transitive
    description:
      name: shared_preferences_foundation
      sha256: "0a8a893bf4fd1152f93fec03a415d11c27c74454d96e2318a7ac38dd18683ab7"
      url: "https://pub.dev"
    source: hosted
    version: "2.4.0"
  shared_preferences_linux:
    dependency: transitive
    description:
      name: shared_preferences_linux
      sha256: "9f2cbcf46d4270ea8be39fa156d86379077c8a5228d9dfdb1164ae0bb93f1faa"
      url: "https://pub.dev"
    source: hosted
    version: "2.3.2"
  shared_preferences_platform_interface:
    dependency: transitive
    description:
      name: shared_preferences_platform_interface
      sha256: "22e2ecac9419b4246d7c22bfbbda589e3acf5c0351137d87dd2939d984d37c3b"
      url: "https://pub.dev"
    source: hosted
    version: "2.3.2"
  shared_preferences_web:
    dependency: transitive
    description:
      name: shared_preferences_web
      sha256: d762709c2bbe80626ecc819143013cc820fa49ca5e363620ee20a8b15a3e3daf
      url: "https://pub.dev"
    source: hosted
    version: "2.2.1"
  shared_preferences_windows:
    dependency: transitive
    description:
      name: shared_preferences_windows
      sha256: "841ad54f3c8381c480d0c9b508b89a34036f512482c407e6df7a9c4aa2ef8f59"
      url: "https://pub.dev"
    source: hosted
    version: "2.3.2"
  shelf:
    dependency: "direct main"
    description:
      name: shelf
      sha256: ad29c505aee705f41a4d8963641f91ac4cee3c8fad5947e033390a7bd8180fa4
      url: "https://pub.dev"
    source: hosted
    version: "1.4.1"
  shelf_packages_handler:
    dependency: transitive
    description:
      name: shelf_packages_handler
      sha256: "89f967eca29607c933ba9571d838be31d67f53f6e4ee15147d5dc2934fee1b1e"
      url: "https://pub.dev"
    source: hosted
    version: "3.0.2"
  shelf_static:
    dependency: transitive
    description:
      name: shelf_static
      sha256: a41d3f53c4adf0f57480578c1d61d90342cd617de7fc8077b1304643c2d85c1e
      url: "https://pub.dev"
    source: hosted
    version: "1.1.2"
  shelf_web_socket:
    dependency: transitive
    description:
      name: shelf_web_socket
      sha256: "9ca081be41c60190ebcb4766b2486a7d50261db7bd0f5d9615f2d653637a84c1"
      url: "https://pub.dev"
    source: hosted
    version: "1.0.4"
  sky_engine:
    dependency: transitive
    description: flutter
    source: sdk
    version: "0.0.99"
  source_gen:
    dependency: transitive
    description:
      name: source_gen
      sha256: "14658ba5f669685cd3d63701d01b31ea748310f7ab854e471962670abcf57832"
      url: "https://pub.dev"
    source: hosted
    version: "1.5.0"
  source_map_stack_trace:
    dependency: transitive
    description:
      name: source_map_stack_trace
      sha256: "84cf769ad83aa6bb61e0aa5a18e53aea683395f196a6f39c4c881fb90ed4f7ae"
      url: "https://pub.dev"
    source: hosted
    version: "2.1.1"
  source_maps:
    dependency: transitive
    description:
      name: source_maps
      sha256: "708b3f6b97248e5781f493b765c3337db11c5d2c81c3094f10904bfa8004c703"
      url: "https://pub.dev"
    source: hosted
    version: "0.10.12"
  source_span:
    dependency: transitive
    description:
      name: source_span
      sha256: "53e943d4206a5e30df338fd4c6e7a077e02254531b138a15aec3bd143c1a8b3c"
      url: "https://pub.dev"
    source: hosted
    version: "1.10.0"
  sprintf:
    dependency: transitive
    description:
      name: sprintf
      sha256: "1fc9ffe69d4df602376b52949af107d8f5703b77cda567c4d7d86a0693120f23"
      url: "https://pub.dev"
    source: hosted
    version: "7.0.0"
  sqflite:
    dependency: "direct main"
    description:
      name: sqflite
      sha256: a43e5a27235518c03ca238e7b4732cf35eabe863a369ceba6cbefa537a66f16d
      url: "https://pub.dev"
    source: hosted
    version: "2.3.3+1"
  sqflite_common:
    dependency: transitive
    description:
      name: sqflite_common
      sha256: "3da423ce7baf868be70e2c0976c28a1bb2f73644268b7ffa7d2e08eab71f16a4"
      url: "https://pub.dev"
    source: hosted
    version: "2.5.4"
  sqflite_common_ffi:
    dependency: "direct main"
    description:
      name: sqflite_common_ffi
      sha256: "4d6137c29e930d6e4a8ff373989dd9de7bac12e3bc87bce950f6e844e8ad3bb5"
      url: "https://pub.dev"
    source: hosted
    version: "2.3.3"
  sqlite3:
    dependency: transitive
    description:
      name: sqlite3
      sha256: "45f168ae2213201b54e09429ed0c593dc2c88c924a1488d6f9c523a255d567cb"
      url: "https://pub.dev"
    source: hosted
    version: "2.4.6"
  sqlite3_flutter_libs:
    dependency: "direct main"
    description:
      name: sqlite3_flutter_libs
      sha256: "7ae52b23366e5295005022e62fa093f64bfe190810223ea0ebf733a4cd140bce"
      url: "https://pub.dev"
    source: hosted
    version: "0.5.26"
  stack_trace:
    dependency: transitive
    description:
      name: stack_trace
      sha256: "73713990125a6d93122541237550ee3352a2d84baad52d375a4cad2eb9b7ce0b"
      url: "https://pub.dev"
    source: hosted
    version: "1.11.1"
  state_notifier:
    dependency: transitive
    description:
      name: state_notifier
      sha256: b8677376aa54f2d7c58280d5a007f9e8774f1968d1fb1c096adcb4792fba29bb
      url: "https://pub.dev"
    source: hosted
    version: "1.0.0"
  sticky_headers:
    dependency: "direct main"
    description:
      name: sticky_headers
      sha256: "9b3dd2cb0fd6a7038170af3261f855660cbb241cb56c501452cb8deed7023ede"
      url: "https://pub.dev"
    source: hosted
    version: "0.3.0+2"
  stream_channel:
    dependency: transitive
    description:
      name: stream_channel
      sha256: ba2aa5d8cc609d96bbb2899c28934f9e1af5cddbd60a827822ea467161eb54e7
      url: "https://pub.dev"
    source: hosted
    version: "2.1.2"
  stream_transform:
    dependency: transitive
    description:
      name: stream_transform
      sha256: "14a00e794c7c11aa145a170587321aedce29769c08d7f58b1d141da75e3b1c6f"
      url: "https://pub.dev"
    source: hosted
    version: "2.1.0"
  string_scanner:
    dependency: transitive
    description:
      name: string_scanner
      sha256: "556692adab6cfa87322a115640c11f13cb77b3f076ddcc5d6ae3c20242bedcde"
      url: "https://pub.dev"
    source: hosted
    version: "1.2.0"
  synchronized:
    dependency: transitive
    description:
      name: synchronized
      sha256: "539ef412b170d65ecdafd780f924e5be3f60032a1128df156adad6c5b373d558"
      url: "https://pub.dev"
    source: hosted
    version: "3.1.0+1"
  term_glyph:
    dependency: transitive
    description:
      name: term_glyph
      sha256: a29248a84fbb7c79282b40b8c72a1209db169a2e0542bce341da992fe1bc7e84
      url: "https://pub.dev"
    source: hosted
    version: "1.2.1"
  test:
    dependency: "direct dev"
    description:
      name: test
      sha256: "7ee44229615f8f642b68120165ae4c2a75fe77ae2065b1e55ae4711f6cf0899e"
      url: "https://pub.dev"
    source: hosted
    version: "1.25.7"
  test_api:
    dependency: transitive
    description:
      name: test_api
      sha256: "5b8a98dafc4d5c4c9c72d8b31ab2b23fc13422348d2997120294d3bac86b4ddb"
      url: "https://pub.dev"
    source: hosted
    version: "0.7.2"
  test_core:
    dependency: transitive
    description:
      name: test_core
      sha256: "55ea5a652e38a1dfb32943a7973f3681a60f872f8c3a05a14664ad54ef9c6696"
      url: "https://pub.dev"
    source: hosted
    version: "0.6.4"
  time:
    dependency: transitive
    description:
      name: time
      sha256: ad8e018a6c9db36cb917a031853a1aae49467a93e0d464683e029537d848c221
      url: "https://pub.dev"
    source: hosted
    version: "2.1.4"
  timing:
    dependency: transitive
    description:
      name: timing
      sha256: "70a3b636575d4163c477e6de42f247a23b315ae20e86442bebe32d3cabf61c32"
      url: "https://pub.dev"
    source: hosted
    version: "1.0.1"
  typed_data:
    dependency: transitive
    description:
      name: typed_data
      sha256: facc8d6582f16042dd49f2463ff1bd6e2c9ef9f3d5da3d9b087e244a7b564b3c
      url: "https://pub.dev"
    source: hosted
    version: "1.3.2"
  upower:
    dependency: transitive
    description:
      name: upower
      sha256: cf042403154751180affa1d15614db7fa50234bc2373cd21c3db666c38543ebf
      url: "https://pub.dev"
    source: hosted
    version: "0.7.0"
  url_launcher:
    dependency: "direct main"
    description:
      name: url_launcher
      sha256: "21b704ce5fa560ea9f3b525b43601c678728ba46725bab9b01187b4831377ed3"
      url: "https://pub.dev"
    source: hosted
    version: "6.3.0"
  url_launcher_android:
    dependency: transitive
    description:
      name: url_launcher_android
      sha256: ceb2625f0c24ade6ef6778d1de0b2e44f2db71fded235eb52295247feba8c5cf
      url: "https://pub.dev"
    source: hosted
    version: "6.3.3"
  url_launcher_ios:
    dependency: transitive
    description:
      name: url_launcher_ios
      sha256: "7068716403343f6ba4969b4173cbf3b84fc768042124bc2c011e5d782b24fe89"
      url: "https://pub.dev"
    source: hosted
    version: "6.3.0"
  url_launcher_linux:
    dependency: transitive
    description:
      name: url_launcher_linux
      sha256: ab360eb661f8879369acac07b6bb3ff09d9471155357da8443fd5d3cf7363811
      url: "https://pub.dev"
    source: hosted
    version: "3.1.1"
  url_launcher_macos:
    dependency: transitive
    description:
      name: url_launcher_macos
      sha256: "9a1a42d5d2d95400c795b2914c36fdcb525870c752569438e4ebb09a2b5d90de"
      url: "https://pub.dev"
    source: hosted
    version: "3.2.0"
  url_launcher_platform_interface:
    dependency: transitive
    description:
      name: url_launcher_platform_interface
      sha256: "552f8a1e663569be95a8190206a38187b531910283c3e982193e4f2733f01029"
      url: "https://pub.dev"
    source: hosted
    version: "2.3.2"
  url_launcher_web:
    dependency: transitive
    description:
      name: url_launcher_web
      sha256: "772638d3b34c779ede05ba3d38af34657a05ac55b06279ea6edd409e323dca8e"
      url: "https://pub.dev"
    source: hosted
    version: "2.3.3"
  url_launcher_windows:
    dependency: transitive
    description:
      name: url_launcher_windows
      sha256: "49c10f879746271804767cb45551ec5592cdab00ee105c06dddde1a98f73b185"
      url: "https://pub.dev"
    source: hosted
    version: "3.1.2"
  uuid:
    dependency: transitive
    description:
      name: uuid
      sha256: f33d6bb662f0e4f79dcd7ada2e6170f3b3a2530c28fc41f49a411ddedd576a77
      url: "https://pub.dev"
    source: hosted
    version: "4.5.0"
  vector_graphics:
    dependency: transitive
    description:
      name: vector_graphics
      sha256: "32c3c684e02f9bc0afb0ae0aa653337a2fe022e8ab064bcd7ffda27a74e288e3"
      url: "https://pub.dev"
    source: hosted
    version: "1.1.11+1"
  vector_graphics_codec:
    dependency: transitive
    description:
      name: vector_graphics_codec
      sha256: c86987475f162fadff579e7320c7ddda04cd2fdeffbe1129227a85d9ac9e03da
      url: "https://pub.dev"
    source: hosted
    version: "1.1.11+1"
  vector_graphics_compiler:
    dependency: transitive
    description:
      name: vector_graphics_compiler
      sha256: "12faff3f73b1741a36ca7e31b292ddeb629af819ca9efe9953b70bd63fc8cd81"
      url: "https://pub.dev"
    source: hosted
    version: "1.1.11+1"
  vector_math:
    dependency: transitive
    description:
      name: vector_math
      sha256: "80b3257d1492ce4d091729e3a67a60407d227c27241d6927be0130c98e741803"
      url: "https://pub.dev"
    source: hosted
    version: "2.1.4"
  vm_service:
    dependency: transitive
    description:
      name: vm_service
      sha256: "5c5f338a667b4c644744b661f309fb8080bb94b18a7e91ef1dbd343bed00ed6d"
      url: "https://pub.dev"
    source: hosted
    version: "14.2.5"
  wakelock_plus:
    dependency: "direct main"
    description:
      name: wakelock_plus
      sha256: bf4ee6f17a2fa373ed3753ad0e602b7603f8c75af006d5b9bdade263928c0484
      url: "https://pub.dev"
    source: hosted
    version: "1.2.8"
  wakelock_plus_platform_interface:
    dependency: transitive
    description:
      name: wakelock_plus_platform_interface
      sha256: "422d1cdbb448079a8a62a5a770b69baa489f8f7ca21aef47800c726d404f9d16"
      url: "https://pub.dev"
    source: hosted
    version: "1.2.1"
  watcher:
    dependency: transitive
    description:
      name: watcher
      sha256: "3d2ad6751b3c16cf07c7fca317a1413b3f26530319181b37e3b9039b84fc01d8"
      url: "https://pub.dev"
    source: hosted
    version: "1.1.0"
  web:
    dependency: transitive
    description:
      name: web
      sha256: d43c1d6b787bf0afad444700ae7f4db8827f701bc61c255ac8d328c6f4d52062
      url: "https://pub.dev"
    source: hosted
    version: "1.0.0"
  web_socket_channel:
    dependency: transitive
    description:
      name: web_socket_channel
      sha256: d88238e5eac9a42bb43ca4e721edba3c08c6354d4a53063afaa568516217621b
      url: "https://pub.dev"
    source: hosted
    version: "2.4.0"
  webdav_client:
    dependency: "direct main"
    description:
      name: webdav_client
      sha256: "682fffc50b61dc0e8f46717171db03bf9caaa17347be41c0c91e297553bf86b2"
      url: "https://pub.dev"
    source: hosted
    version: "1.2.2"
  webkit_inspection_protocol:
    dependency: transitive
    description:
      name: webkit_inspection_protocol
      sha256: "87d3f2333bb240704cd3f1c6b5b7acd8a10e7f0bc28c28dcf14e782014f4a572"
      url: "https://pub.dev"
    source: hosted
    version: "1.2.1"
  win32:
    dependency: transitive
    description:
      name: win32
      sha256: a79dbe579cb51ecd6d30b17e0cae4e0ea15e2c0e66f69ad4198f22a6789e94f4
      url: "https://pub.dev"
    source: hosted
    version: "5.5.1"
  win32_registry:
    dependency: transitive
    description:
      name: win32_registry
      sha256: "723b7f851e5724c55409bb3d5a32b203b3afe8587eaf5dafb93a5fed8ecda0d6"
      url: "https://pub.dev"
    source: hosted
    version: "1.1.4"
  xdg_directories:
    dependency: transitive
    description:
      name: xdg_directories
      sha256: faea9dee56b520b55a566385b84f2e8de55e7496104adada9962e0bd11bcff1d
      url: "https://pub.dev"
    source: hosted
    version: "1.0.4"
  xml:
    dependency: transitive
    description:
      name: xml
      sha256: b015a8ad1c488f66851d762d3090a21c600e479dc75e68328c52774040cf9226
      url: "https://pub.dev"
    source: hosted
    version: "6.5.0"
  yaml:
    dependency: transitive
    description:
      name: yaml
      sha256: "75769501ea3489fca56601ff33454fe45507ea3bfb014161abc3b43ae25989d5"
      url: "https://pub.dev"
    source: hosted
    version: "3.1.2"
sdks:
  dart: ">=3.5.2 <4.0.0"
  flutter: ">=3.24.0"
